
Microsoft Visual Studio Solution File, Format Version 12.00
# Visual Studio 14
VisualStudioVersion = 14.0.25420.1
MinimumVisualStudioVersion = 10.0.40219.1
Project("{FAE04EC0-301F-11D3-BF4B-00C04F79EFBC}") = "HelloWorld", "HelloWorld\HelloWorld.csproj", "{B6D93728-A7AF-4E20-BD2F-90D4B497A31F}"
EndProject
Project("{FAE04EC0-301F-11D3-BF4B-00C04F79EFBC}") = "FilmChoose", "FilmChoose\FilmChoose.csproj", "{7CE62E3F-0867-4ED2-8D12-71403EAC5834}"
EndProject
Project("{FAE04EC0-301F-11D3-BF4B-00C04F79EFBC}") = "TurtleTraining", "TurtleTraining\TurtleTraining.csproj", "{C7CC8D91-3005-447E-A217-70988A2FB822}"
EndProject
Project("{FAE04EC0-301F-11D3-BF4B-00C04F79EFBC}") = "TurtleGame", "TurtleGame\TurtleGame.csproj", "{49048D7B-67B0-41CB-A58A-CDF2E357CF95}"
EndProject
Global
	GlobalSection(SolutionConfigurationPlatforms) = preSolution
		Debug|Any CPU = Debug|Any CPU
		Release|Any CPU = Release|Any CPU
	EndGlobalSection
	GlobalSection(ProjectConfigurationPlatforms) = postSolution
		{B6D93728-A7AF-4E20-BD2F-90D4B497A31F}.Debug|Any CPU.ActiveCfg = Debug|Any CPU
		{B6D93728-A7AF-4E20-BD2F-90D4B497A31F}.Debug|Any CPU.Build.0 = Debug|Any CPU
		{B6D93728-A7AF-4E20-BD2F-90D4B497A31F}.Release|Any CPU.ActiveCfg = Release|Any CPU
		{B6D93728-A7AF-4E20-BD2F-90D4B497A31F}.Release|Any CPU.Build.0 = Release|Any CPU
		{7CE62E3F-0867-4ED2-8D12-71403EAC5834}.Debug|Any CPU.ActiveCfg = Debug|Any CPU
		{7CE62E3F-0867-4ED2-8D12-71403EAC5834}.Debug|Any CPU.Build.0 = Debug|Any CPU
		{7CE62E3F-0867-4ED2-8D12-71403EAC5834}.Release|Any CPU.ActiveCfg = Release|Any CPU
		{7CE62E3F-0867-4ED2-8D12-71403EAC5834}.Release|Any CPU.Build.0 = Release|Any CPU
		{C7CC8D91-3005-447E-A217-70988A2FB822}.Debug|Any CPU.ActiveCfg = Debug|Any CPU
		{C7CC8D91-3005-447E-A217-70988A2FB822}.Debug|Any CPU.Build.0 = Debug|Any CPU
		{C7CC8D91-3005-447E-A217-70988A2FB822}.Release|Any CPU.ActiveCfg = Release|Any CPU
		{C7CC8D91-3005-447E-A217-70988A2FB822}.Release|Any CPU.Build.0 = Release|Any CPU
		{49048D7B-67B0-41CB-A58A-CDF2E357CF95}.Debug|Any CPU.ActiveCfg = Debug|Any CPU
		{49048D7B-67B0-41CB-A58A-CDF2E357CF95}.Debug|Any CPU.Build.0 = Debug|Any CPU
		{49048D7B-67B0-41CB-A58A-CDF2E357CF95}.Release|Any CPU.ActiveCfg = Release|Any CPU
		{49048D7B-67B0-41CB-A58A-CDF2E357CF95}.Release|Any CPU.Build.0 = Release|Any CPU
	EndGlobalSection
	GlobalSection(SolutionProperties) = preSolution
		HideSolutionNode = FALSE
	EndGlobalSection
EndGlobal
